# THIS IS AN AUTOGENERATED FILE. DO NOT EDIT THIS FILE DIRECTLY.
# yarn lockfile v1


"@types/estree@*":
  version "0.0.41"
  resolved "https://registry.npm.taobao.org/@types/estree/download/@types/estree-0.0.41.tgz#fd90754150b57432b72bf560530500597ff04421"
  integrity sha1-/ZB1QVC1dDK3K/VgUwUAWX/wRCE=

"@types/node@*":
  version "13.1.0"
  resolved "https://registry.npm.taobao.org/@types/node/download/@types/node-13.1.0.tgz?cache=0&sync_timestamp=1577119989684&other_urls=https%3A%2F%2Fregistry.npm.taobao.org%2F%40types%2Fnode%2Fdownload%2F%40types%2Fnode-13.1.0.tgz#225cbaac5fdb2b9ac651b02c070d8aa3c37cc812"
  integrity sha1-Ily6rF/bK5rGUbAsBw2Ko8N8yBI=

acorn@^7.1.0:
  version "7.1.0"
  resolved "https://registry.npm.taobao.org/acorn/download/acorn-7.1.0.tgz#949d36f2c292535da602283586c2477c57eb2d6c"
  integrity sha1-lJ028sKSU12mAig1hsJHfFfrLWw=

pako@1.0.10:
  version "1.0.10"
  resolved "https://registry.npm.taobao.org/pako/download/pako-1.0.10.tgz#4328badb5086a426aa90f541977d4955da5c9732"
  integrity sha1-Qyi621CGpCaqkPVBl31JVdpclzI=

rollup@1.27.14:
  version "1.27.14"
  resolved "https://registry.npm.taobao.org/rollup/download/rollup-1.27.14.tgz?cache=0&sync_timestamp=1577030653259&other_urls=https%3A%2F%2Fregistry.npm.taobao.org%2Frollup%2Fdownload%2Frollup-1.27.14.tgz#940718d5eec1a6887e399aa0089944bae5c4f377"
  integrity sha1-lAcY1e7Bpoh+OZqgCJlEuuXE83c=
  dependencies:
    "@types/estree" "*"
    "@types/node" "*"
    acorn "^7.1.0"
